
Microsoft Visual Studio Solution File, Format Version 12.00
# Visual Studio Version 17
VisualStudioVersion = 17.7.34024.191
MinimumVisualStudioVersion = 10.0.40219.1
Project("{F2A71F9B-5D33-465A-A702-920D77279786}") = "Ejercicio 2", "Ejercicio 2.fsproj", "{A36BEA54-BDFA-4C4C-99CB-CEA66206654E}"
EndProject
Global
	GlobalSection(SolutionConfigurationPlatforms) = preSolution
		Debug|Any CPU = Debug|Any CPU
		Release|Any CPU = Release|Any CPU
	EndGlobalSection
	GlobalSection(ProjectConfigurationPlatforms) = postSolution
		{A36BEA54-BDFA-4C4C-99CB-CEA66206654E}.Debug|Any CPU.ActiveCfg = Debug|Any CPU
		{A36BEA54-BDFA-4C4C-99CB-CEA66206654E}.Debug|Any CPU.Build.0 = Debug|Any CPU
		{A36BEA54-BDFA-4C4C-99CB-CEA66206654E}.Release|Any CPU.ActiveCfg = Release|Any CPU
		{A36BEA54-BDFA-4C4C-99CB-CEA66206654E}.Release|Any CPU.Build.0 = Release|Any CPU
	EndGlobalSection
	GlobalSection(SolutionProperties) = preSolution
		HideSolutionNode = FALSE
	EndGlobalSection
	GlobalSection(ExtensibilityGlobals) = postSolution
		SolutionGuid = {7BBE6DF1-E0A2-4C35-88F0-8477D1FF9023}
	EndGlobalSection
EndGlobal
